
Microsoft Visual Studio Solution File, Format Version 12.00
# Visual Studio 15
VisualStudioVersion = 15.0.26124.0
MinimumVisualStudioVersion = 15.0.26124.0
Project("{FAE04EC0-301F-11D3-BF4B-00C04F79EFBC}") = "Fasitec.Api", "Fasitec.Api\Fasitec.Api.csproj", "{02E6E159-C962-4052-B0A0-C7441A82442C}"
EndProject
Project("{FAE04EC0-301F-11D3-BF4B-00C04F79EFBC}") = "Fasitec.Data", "Fasitec.Data\Fasitec.Data.csproj", "{6AA2D00D-25A3-43A0-8B53-943652B2013B}"
EndProject
Project("{FAE04EC0-301F-11D3-BF4B-00C04F79EFBC}") = "Fasitec.Business", "Fasitec.Business\Fasitec.Business.csproj", "{7B89E7DA-897D-4502-8D69-8D11074ABB1C}"
EndProject
Global
	GlobalSection(SolutionConfigurationPlatforms) = preSolution
		Debug|Any CPU = Debug|Any CPU
		Debug|x64 = Debug|x64
		Debug|x86 = Debug|x86
		Release|Any CPU = Release|Any CPU
		Release|x64 = Release|x64
		Release|x86 = Release|x86
	EndGlobalSection
	GlobalSection(SolutionProperties) = preSolution
		HideSolutionNode = FALSE
	EndGlobalSection
	GlobalSection(ProjectConfigurationPlatforms) = postSolution
		{02E6E159-C962-4052-B0A0-C7441A82442C}.Debug|Any CPU.ActiveCfg = Debug|Any CPU
		{02E6E159-C962-4052-B0A0-C7441A82442C}.Debug|Any CPU.Build.0 = Debug|Any CPU
		{02E6E159-C962-4052-B0A0-C7441A82442C}.Debug|x64.ActiveCfg = Debug|Any CPU
		{02E6E159-C962-4052-B0A0-C7441A82442C}.Debug|x64.Build.0 = Debug|Any CPU
		{02E6E159-C962-4052-B0A0-C7441A82442C}.Debug|x86.ActiveCfg = Debug|Any CPU
		{02E6E159-C962-4052-B0A0-C7441A82442C}.Debug|x86.Build.0 = Debug|Any CPU
		{02E6E159-C962-4052-B0A0-C7441A82442C}.Release|Any CPU.ActiveCfg = Release|Any CPU
		{02E6E159-C962-4052-B0A0-C7441A82442C}.Release|Any CPU.Build.0 = Release|Any CPU
		{02E6E159-C962-4052-B0A0-C7441A82442C}.Release|x64.ActiveCfg = Release|Any CPU
		{02E6E159-C962-4052-B0A0-C7441A82442C}.Release|x64.Build.0 = Release|Any CPU
		{02E6E159-C962-4052-B0A0-C7441A82442C}.Release|x86.ActiveCfg = Release|Any CPU
		{02E6E159-C962-4052-B0A0-C7441A82442C}.Release|x86.Build.0 = Release|Any CPU
		{6AA2D00D-25A3-43A0-8B53-943652B2013B}.Debug|Any CPU.ActiveCfg = Debug|Any CPU
		{6AA2D00D-25A3-43A0-8B53-943652B2013B}.Debug|Any CPU.Build.0 = Debug|Any CPU
		{6AA2D00D-25A3-43A0-8B53-943652B2013B}.Debug|x64.ActiveCfg = Debug|Any CPU
		{6AA2D00D-25A3-43A0-8B53-943652B2013B}.Debug|x64.Build.0 = Debug|Any CPU
		{6AA2D00D-25A3-43A0-8B53-943652B2013B}.Debug|x86.ActiveCfg = Debug|Any CPU
		{6AA2D00D-25A3-43A0-8B53-943652B2013B}.Debug|x86.Build.0 = Debug|Any CPU
		{6AA2D00D-25A3-43A0-8B53-943652B2013B}.Release|Any CPU.ActiveCfg = Release|Any CPU
		{6AA2D00D-25A3-43A0-8B53-943652B2013B}.Release|Any CPU.Build.0 = Release|Any CPU
		{6AA2D00D-25A3-43A0-8B53-943652B2013B}.Release|x64.ActiveCfg = Release|Any CPU
		{6AA2D00D-25A3-43A0-8B53-943652B2013B}.Release|x64.Build.0 = Release|Any CPU
		{6AA2D00D-25A3-43A0-8B53-943652B2013B}.Release|x86.ActiveCfg = Release|Any CPU
		{6AA2D00D-25A3-43A0-8B53-943652B2013B}.Release|x86.Build.0 = Release|Any CPU
		{7B89E7DA-897D-4502-8D69-8D11074ABB1C}.Debug|Any CPU.ActiveCfg = Debug|Any CPU
		{7B89E7DA-897D-4502-8D69-8D11074ABB1C}.Debug|Any CPU.Build.0 = Debug|Any CPU
		{7B89E7DA-897D-4502-8D69-8D11074ABB1C}.Debug|x64.ActiveCfg = Debug|Any CPU
		{7B89E7DA-897D-4502-8D69-8D11074ABB1C}.Debug|x64.Build.0 = Debug|Any CPU
		{7B89E7DA-897D-4502-8D69-8D11074ABB1C}.Debug|x86.ActiveCfg = Debug|Any CPU
		{7B89E7DA-897D-4502-8D69-8D11074ABB1C}.Debug|x86.Build.0 = Debug|Any CPU
		{7B89E7DA-897D-4502-8D69-8D11074ABB1C}.Release|Any CPU.ActiveCfg = Release|Any CPU
		{7B89E7DA-897D-4502-8D69-8D11074ABB1C}.Release|Any CPU.Build.0 = Release|Any CPU
		{7B89E7DA-897D-4502-8D69-8D11074ABB1C}.Release|x64.ActiveCfg = Release|Any CPU
		{7B89E7DA-897D-4502-8D69-8D11074ABB1C}.Release|x64.Build.0 = Release|Any CPU
		{7B89E7DA-897D-4502-8D69-8D11074ABB1C}.Release|x86.ActiveCfg = Release|Any CPU
		{7B89E7DA-897D-4502-8D69-8D11074ABB1C}.Release|x86.Build.0 = Release|Any CPU
	EndGlobalSection
EndGlobal
